
Microsoft Visual Studio Solution File, Format Version 12.00
# Visual Studio Version 17
VisualStudioVersion = 17.9.34607.119
MinimumVisualStudioVersion = 10.0.40219.1
Project("{9A19103F-16F7-4668-BE54-9A1E7A4F7556}") = "StatePattern", "StatePattern\StatePattern.csproj", "{0894C064-8666-4B1F-BCDA-692474247933}"
EndProject
Project("{9A19103F-16F7-4668-BE54-9A1E7A4F7556}") = "FacadePattern", "FacadePattern\FacadePattern.csproj", "{E01E575A-6BD5-475F-8FC4-EA65442B2B82}"
EndProject
Project("{9A19103F-16F7-4668-BE54-9A1E7A4F7556}") = "FactoryMethod", "FactoryMethod\FactoryMethod.csproj", "{0DBD35D6-2031-4A84-B97D-C97D49CD4D1D}"
EndProject
Project("{9A19103F-16F7-4668-BE54-9A1E7A4F7556}") = "StrategyPattern", "StrategyPattern\StrategyPattern.csproj", "{BF4AC3E2-EE2F-4EB6-AC2A-C3F9AFBE5BB5}"
EndProject
Project("{FAE04EC0-301F-11D3-BF4B-00C04F79EFBC}") = "ObserverPattern", "ObserverPattern\ObserverPattern.csproj", "{D1879676-0A9D-4008-95E3-2DA2A8095EE6}"
EndProject
Global
	GlobalSection(SolutionConfigurationPlatforms) = preSolution
		Debug|Any CPU = Debug|Any CPU
		Release|Any CPU = Release|Any CPU
	EndGlobalSection
	GlobalSection(ProjectConfigurationPlatforms) = postSolution
		{0894C064-8666-4B1F-BCDA-692474247933}.Debug|Any CPU.ActiveCfg = Debug|Any CPU
		{0894C064-8666-4B1F-BCDA-692474247933}.Debug|Any CPU.Build.0 = Debug|Any CPU
		{0894C064-8666-4B1F-BCDA-692474247933}.Release|Any CPU.ActiveCfg = Release|Any CPU
		{0894C064-8666-4B1F-BCDA-692474247933}.Release|Any CPU.Build.0 = Release|Any CPU
		{E01E575A-6BD5-475F-8FC4-EA65442B2B82}.Debug|Any CPU.ActiveCfg = Debug|Any CPU
		{E01E575A-6BD5-475F-8FC4-EA65442B2B82}.Debug|Any CPU.Build.0 = Debug|Any CPU
		{E01E575A-6BD5-475F-8FC4-EA65442B2B82}.Release|Any CPU.ActiveCfg = Release|Any CPU
		{E01E575A-6BD5-475F-8FC4-EA65442B2B82}.Release|Any CPU.Build.0 = Release|Any CPU
		{0DBD35D6-2031-4A84-B97D-C97D49CD4D1D}.Debug|Any CPU.ActiveCfg = Debug|Any CPU
		{0DBD35D6-2031-4A84-B97D-C97D49CD4D1D}.Debug|Any CPU.Build.0 = Debug|Any CPU
		{0DBD35D6-2031-4A84-B97D-C97D49CD4D1D}.Release|Any CPU.ActiveCfg = Release|Any CPU
		{0DBD35D6-2031-4A84-B97D-C97D49CD4D1D}.Release|Any CPU.Build.0 = Release|Any CPU
		{BF4AC3E2-EE2F-4EB6-AC2A-C3F9AFBE5BB5}.Debug|Any CPU.ActiveCfg = Debug|Any CPU
		{BF4AC3E2-EE2F-4EB6-AC2A-C3F9AFBE5BB5}.Debug|Any CPU.Build.0 = Debug|Any CPU
		{BF4AC3E2-EE2F-4EB6-AC2A-C3F9AFBE5BB5}.Release|Any CPU.ActiveCfg = Release|Any CPU
		{BF4AC3E2-EE2F-4EB6-AC2A-C3F9AFBE5BB5}.Release|Any CPU.Build.0 = Release|Any CPU
		{D1879676-0A9D-4008-95E3-2DA2A8095EE6}.Debug|Any CPU.ActiveCfg = Debug|Any CPU
		{D1879676-0A9D-4008-95E3-2DA2A8095EE6}.Debug|Any CPU.Build.0 = Debug|Any CPU
		{D1879676-0A9D-4008-95E3-2DA2A8095EE6}.Release|Any CPU.ActiveCfg = Release|Any CPU
		{D1879676-0A9D-4008-95E3-2DA2A8095EE6}.Release|Any CPU.Build.0 = Release|Any CPU
	EndGlobalSection
	GlobalSection(SolutionProperties) = preSolution
		HideSolutionNode = FALSE
	EndGlobalSection
	GlobalSection(ExtensibilityGlobals) = postSolution
		SolutionGuid = {69212A2F-31C2-4742-9D2B-04566EBDA08A}
	EndGlobalSection
EndGlobal
